// !$*UTF8*$!
{
	archiveVersion = 1;
	classes = {
	};
	objectVersion = 50;
	objects = {

/* Begin PBXBuildFile section */
		747ABB1424F24A8B007EDB4B /* AppDelegate.swift in Sources */ = {isa = PBXBuildFile; fileRef = 747ABB1324F24A8B007EDB4B /* AppDelegate.swift */; };
		747ABB1624F24A8B007EDB4B /* SceneDelegate.swift in Sources */ = {isa = PBXBuildFile; fileRef = 747ABB1524F24A8B007EDB4B /* SceneDelegate.swift */; };
		747ABB1824F24A8B007EDB4B /* ViewController.swift in Sources */ = {isa = PBXBuildFile; fileRef = 747ABB1724F24A8B007EDB4B /* ViewController.swift */; };
		747ABB1B24F24A8B007EDB4B /* Main.storyboard in Resources */ = {isa = PBXBuildFile; fileRef = 747ABB1924F24A8B007EDB4B /* Main.storyboard */; };
		747ABB1D24F24A8B007EDB4B /* ContentView.swift in Sources */ = {isa = PBXBuildFile; fileRef = 747ABB1C24F24A8B007EDB4B /* ContentView.swift */; };
		747ABB1F24F24A8C007EDB4B /* Assets.xcassets in Resources */ = {isa = PBXBuildFile; fileRef = 747ABB1E24F24A8C007EDB4B /* Assets.xcassets */; };
		747ABB2224F24A8C007EDB4B /* LaunchScreen.storyboard in Resources */ = {isa = PBXBuildFile; fileRef = 747ABB2024F24A8C007EDB4B /* LaunchScreen.storyboard */; };
/* End PBXBuildFile section */

/* Begin PBXFileReference section */
		747ABB1024F24A8B007EDB4B /* CollectionCrashDemo.app */ = {isa = PBXFileReference; explicitFileType = wrapper.application; includeInIndex = 0; path = CollectionCrashDemo.app; sourceTree = BUILT_PRODUCTS_DIR; };
		747ABB1324F24A8B007EDB4B /* AppDelegate.swift */ = {isa = PBXFileReference; lastKnownFileType = sourcecode.swift; path = AppDelegate.swift; sourceTree = "<group>"; };
		747ABB1524F24A8B007EDB4B /* SceneDelegate.swift */ = {isa = PBXFileReference; lastKnownFileType = sourcecode.swift; path = SceneDelegate.swift; sourceTree = "<group>"; };
		747ABB1724F24A8B007EDB4B /* ViewController.swift */ = {isa = PBXFileReference; lastKnownFileType = sourcecode.swift; path = ViewController.swift; sourceTree = "<group>"; };
		747ABB1A24F24A8B007EDB4B /* Base */ = {isa = PBXFileReference; lastKnownFileType = file.storyboard; name = Base; path = Base.lproj/Main.storyboard; sourceTree = "<group>"; };
		747ABB1C24F24A8B007EDB4B /* ContentView.swift */ = {isa = PBXFileReference; lastKnownFileType = sourcecode.swift; path = ContentView.swift; sourceTree = "<group>"; };
		747ABB1E24F24A8C007EDB4B /* Assets.xcassets */ = {isa = PBXFileReference; lastKnownFileType = folder.assetcatalog; path = Assets.xcassets; sourceTree = "<group>"; };
		747ABB2124F24A8C007EDB4B /* Base */ = {isa = PBXFileReference; lastKnownFileType = file.storyboard; name = Base; path = Base.lproj/LaunchScreen.storyboard; sourceTree = "<group>"; };
		747ABB2324F24A8C007EDB4B /* Info.plist */ = {isa = PBXFileReference; lastKnownFileType = text.plist.xml; path = Info.plist; sourceTree = "<group>"; };
/* End PBXFileReference section */

/* Begin PBXFrameworksBuildPhase section */
		747ABB0D24F24A8B007EDB4B /* Frameworks */ = {
			isa = PBXFrameworksBuildPhase;
			buildActionMask = 2147483647;
			files = (
			);
			runOnlyForDeploymentPostprocessing = 0;
		};
/* End PBXFrameworksBuildPhase section */

/* Begin PBXGroup section */
		747ABB0724F24A8B007EDB4B = {
			isa = PBXGroup;
			children = (
				747ABB1224F24A8B007EDB4B /* CollectionCrashDemo */,
				747ABB1124F24A8B007EDB4B /* Products */,
			);
			sourceTree = "<group>";
		};
		747ABB1124F24A8B007EDB4B /* Products */ = {
			isa = PBXGroup;
			children = (
				747ABB1024F24A8B007EDB4B /* CollectionCrashDemo.app */,
			);
			name = Products;
			sourceTree = "<group>";
		};
		747ABB1224F24A8B007EDB4B /* CollectionCrashDemo */ = {
			isa = PBXGroup;
			children = (
				747ABB1324F24A8B007EDB4B /* AppDelegate.swift */,
				747ABB1524F24A8B007EDB4B /* SceneDelegate.swift */,
				747ABB1724F24A8B007EDB4B /* ViewController.swift */,
				747ABB1924F24A8B007EDB4B /* Main.storyboard */,
				747ABB1C24F24A8B007EDB4B /* ContentView.swift */,
				747ABB1E24F24A8C007EDB4B /* Assets.xcassets */,
				747ABB2024F24A8C007EDB4B /* LaunchScreen.storyboard */,
				747ABB2324F24A8C007EDB4B /* Info.plist */,
			);
			path = CollectionCrashDemo;
			sourceTree = "<group>";
		};
/* End PBXGroup section */

/* Begin PBXNativeTarget section */
		747ABB0F24F24A8B007EDB4B /* CollectionCrashDemo */ = {
			isa = PBXNativeTarget;
			buildConfigurationList = 747ABB2624F24A8C007EDB4B /* Build configuration list for PBXNativeTarget "CollectionCrashDemo" */;
			buildPhases = (
				747ABB0C24F24A8B007EDB4B /* Sources */,
				747ABB0D24F24A8B007EDB4B /* Frameworks */,
				747ABB0E24F24A8B007EDB4B /* Resources */,
			);
			buildRules = (
			);
			dependencies = (
			);
			name = CollectionCrashDemo;
			productName = CollectionCrashDemo;
			productReference = 747ABB1024F24A8B007EDB4B /* CollectionCrashDemo.app */;
			productType = "com.apple.product-type.application";
		};
/* End PBXNativeTarget section */

/* Begin PBXProject section */
		747ABB0824F24A8B007EDB4B /* Project object */ = {
			isa = PBXProject;
			attributes = {
				LastSwiftUpdateCheck = 1200;
				LastUpgradeCheck = 1200;
				TargetAttributes = {
					747ABB0F24F24A8B007EDB4B = {
						CreatedOnToolsVersion = 12.0;
					};
				};
			};
			buildConfigurationList = 747ABB0B24F24A8B007EDB4B /* Build configuration list for PBXProject "CollectionCrashDemo" */;
			compatibilityVersion = "Xcode 9.3";
			developmentRegion = en;
			hasScannedForEncodings = 0;
			knownRegions = (
				en,
				Base,
			);
			mainGroup = 747ABB0724F24A8B007EDB4B;
			productRefGroup = 747ABB1124F24A8B007EDB4B /* Products */;
			projectDirPath = "";
			projectRoot = "";
			targets = (
				747ABB0F24F24A8B007EDB4B /* CollectionCrashDemo */,
			);
		};
/* End PBXProject section */

/* Begin PBXResourcesBuildPhase section */
		747ABB0E24F24A8B007EDB4B /* Resources */ = {
			isa = PBXResourcesBuildPhase;
			buildActionMask = 2147483647;
			files = (
				747ABB2224F24A8C007EDB4B /* LaunchScreen.storyboard in Resources */,
				747ABB1F24F24A8C007EDB4B /* Assets.xcassets in Resources */,
				747ABB1B24F24A8B007EDB4B /* Main.storyboard in Resources */,
			);
			runOnlyForDeploymentPostprocessing = 0;
		};
/* End PBXResourcesBuildPhase section */

/* Begin PBXSourcesBuildPhase section */
		747ABB0C24F24A8B007EDB4B /* Sources */ = {
			isa = PBXSourcesBuildPhase;
			buildActionMask = 2147483647;
			files = (
				747ABB1824F24A8B007EDB4B /* ViewController.swift in Sources */,
				747ABB1424F24A8B007EDB4B /* AppDelegate.swift in Sources */,
				747ABB1D24F24A8B007EDB4B /* ContentView.swift in Sources */,
				747ABB1624F24A8B007EDB4B /* SceneDelegate.swift in Sources */,
			);
			runOnlyForDeploymentPostprocessing = 0;
		};
/* End PBXSourcesBuildPhase section */

/* Begin PBXVariantGroup section */
		747ABB1924F24A8B007EDB4B /* Main.storyboard */ = {
			isa = PBXVariantGroup;
			children = (
				747ABB1A24F24A8B007EDB4B /* Base */,
			);
			name = Main.storyboard;
			sourceTree = "<group>";
		};
		747ABB2024F24A8C007EDB4B /* LaunchScreen.storyboard */ = {
			isa = PBXVariantGroup;
			children = (
				747ABB2124F24A8C007EDB4B /* Base */,
			);
			name = LaunchScreen.storyboard;
			sourceTree = "<group>";
		};
/* End PBXVariantGroup section */

/* Begin XCBuildConfiguration section */
		747ABB2424F24A8C007EDB4B /* Debug */ = {
			isa = XCBuildConfiguration;
			buildSettings = {
				ALWAYS_SEARCH_USER_PATHS = NO;
				CLANG_ANALYZER_NONNULL = YES;
				CLANG_ANALYZER_NUMBER_OBJECT_CONVERSION = YES_AGGRESSIVE;
				CLANG_CXX_LANGUAGE_STANDARD = "gnu++14";
				CLANG_CXX_LIBRARY = "libc++";
				CLANG_ENABLE_MODULES = YES;
				CLANG_ENABLE_OBJC_ARC = YES;
				CLANG_ENABLE_OBJC_WEAK = YES;
				CLANG_WARN_BLOCK_CAPTURE_AUTORELEASING = YES;
				CLANG_WARN_BOOL_CONVERSION = YES;
				CLANG_WARN_COMMA = YES;
				CLANG_WARN_CONSTANT_CONVERSION = YES;
				CLANG_WARN_DEPRECATED_OBJC_IMPLEMENTATIONS = YES;
				CLANG_WARN_DIRECT_OBJC_ISA_USAGE = YES_ERROR;
				CLANG_WARN_DOCUMENTATION_COMMENTS = YES;
				CLANG_WARN_EMPTY_BODY = YES;
				CLANG_WARN_ENUM_CONVERSION = YES;
				CLANG_WARN_INFINITE_RECURSION = YES;
				CLANG_WARN_INT_CONVERSION = YES;
				CLANG_WARN_NON_LITERAL_NULL_CONVERSION = YES;
				CLANG_WARN_OBJC_IMPLICIT_RETAIN_SELF = YES;
				CLANG_WARN_OBJC_LITERAL_CONVERSION = YES;
				CLANG_WARN_OBJC_ROOT_CLASS = YES_ERROR;
				CLANG_WARN_QUOTED_INCLUDE_IN_FRAMEWORK_HEADER = YES;
				CLANG_WARN_RANGE_LOOP_ANALYSIS = YES;
				CLANG_WARN_STRICT_PROTOTYPES = YES;
				CLANG_WARN_SUSPICIOUS_MOVE = YES;
				CLANG_WARN_UNGUARDED_AVAILABILITY = YES_AGGRESSIVE;
				CLANG_WARN_UNREACHABLE_CODE = YES;
				CLANG_WARN__DUPLICATE_METHOD_MATCH = YES;
				COPY_PHASE_STRIP = NO;
				DEBUG_INFORMATION_FORMAT = dwarf;
				ENABLE_STRICT_OBJC_MSGSEND = YES;
				ENABLE_TESTABILITY = YES;
				GCC_C_LANGUAGE_STANDARD = gnu11;
				GCC_DYNAMIC_NO_PIC = NO;
				GCC_NO_COMMON_BLOCKS = YES;
				GCC_OPTIMIZATION_LEVEL = 0;
				GCC_PREPROCESSOR_DEFINITIONS = (
					"DEBUG=1",
					"$(inherited)",
				);
				GCC_WARN_64_TO_32_BIT_CONVERSION = YES;
				GCC_WARN_ABOUT_RETURN_TYPE = YES_ERROR;
				GCC_WARN_UNDECLARED_SELECTOR = YES;
				GCC_WARN_UNINITIALIZED_AUTOS = YES_AGGRESSIVE;
				GCC_WARN_UNUSED_FUNCTION = YES;
				GCC_WARN_UNUSED_VARIABLE = YES;
				IPHONEOS_DEPLOYMENT_TARGET = 14.0;
				MTL_ENABLE_DEBUG_INFO = INCLUDE_SOURCE;
				MTL_FAST_MATH = YES;
				ONLY_ACTIVE_ARCH = YES;
				SDKROOT = iphoneos;
				SWIFT_ACTIVE_COMPILATION_CONDITIONS = DEBUG;
				SWIFT_OPTIMIZATION_LEVEL = "-Onone";
			};
			name = Debug;
		};
		747ABB2524F24A8C007EDB4B /* Release */ = {
			isa = XCBuildConfiguration;
			buildSettings = {
				ALWAYS_SEARCH_USER_PATHS = NO;
				CLANG_ANALYZER_NONNULL = YES;
				CLANG_ANALYZER_NUMBER_OBJECT_CONVERSION = YES_AGGRESSIVE;
				CLANG_CXX_LANGUAGE_STANDARD = "gnu++14";
				CLANG_CXX_LIBRARY = "libc++";
				CLANG_ENABLE_MODULES = YES;
				CLANG_ENABLE_OBJC_ARC = YES;
				CLANG_ENABLE_OBJC_WEAK = YES;
				CLANG_WARN_BLOCK_CAPTURE_AUTORELEASING = YES;
				CLANG_WARN_BOOL_CONVERSION = YES;
				CLANG_WARN_COMMA = YES;
				CLANG_WARN_CONSTANT_CONVERSION = YES;
				CLANG_WARN_DEPRECATED_OBJC_IMPLEMENTATIONS = YES;
				CLANG_WARN_DIRECT_OBJC_ISA_USAGE = YES_ERROR;
				CLANG_WARN_DOCUMENTATION_COMMENTS = YES;
				CLANG_WARN_EMPTY_BODY = YES;
				CLANG_WARN_ENUM_CONVERSION = YES;
				CLANG_WARN_INFINITE_RECURSION = YES;
				CLANG_WARN_INT_CONVERSION = YES;
				CLANG_WARN_NON_LITERAL_NULL_CONVERSION = YES;
				CLANG_WARN_OBJC_IMPLICIT_RETAIN_SELF = YES;
				CLANG_WARN_OBJC_LITERAL_CONVERSION = YES;
				CLANG_WARN_OBJC_ROOT_CLASS = YES_ERROR;
				CLANG_WARN_QUOTED_INCLUDE_IN_FRAMEWORK_HEADER = YES;
				CLANG_WARN_RANGE_LOOP_ANALYSIS = YES;
				CLANG_WARN_STRICT_PROTOTYPES = YES;
				CLANG_WARN_SUSPICIOUS_MOVE = YES;
				CLANG_WARN_UNGUARDED_AVAILABILITY = YES_AGGRESSIVE;
				CLANG_WARN_UNREACHABLE_CODE = YES;
				CLANG_WARN__DUPLICATE_METHOD_MATCH = YES;
				COPY_PHASE_STRIP = NO;
				DEBUG_INFORMATION_FORMAT = "dwarf-with-dsym";
				ENABLE_NS_ASSERTIONS = NO;
				ENABLE_STRICT_OBJC_MSGSEND = YES;
				GCC_C_LANGUAGE_STANDARD = gnu11;
				GCC_NO_COMMON_BLOCKS = YES;
				GCC_WARN_64_TO_32_BIT_CONVERSION = YES;
				GCC_WARN_ABOUT_RETURN_TYPE = YES_ERROR;
				GCC_WARN_UNDECLARED_SELECTOR = YES;
				GCC_WARN_UNINITIALIZED_AUTOS = YES_AGGRESSIVE;
				GCC_WARN_UNUSED_FUNCTION = YES;
				GCC_WARN_UNUSED_VARIABLE = YES;
				IPHONEOS_DEPLOYMENT_TARGET = 14.0;
				MTL_ENABLE_DEBUG_INFO = NO;
				MTL_FAST_MATH = YES;
				SDKROOT = iphoneos;
				SWIFT_COMPILATION_MODE = wholemodule;
				SWIFT_OPTIMIZATION_LEVEL = "-O";
				VALIDATE_PRODUCT = YES;
			};
			name = Release;
		};
		747ABB2724F24A8C007EDB4B /* Debug */ = {
			isa = XCBuildConfiguration;
			buildSettings = {
				ASSETCATALOG_COMPILER_APPICON_NAME = AppIcon;
				ASSETCATALOG_COMPILER_GLOBAL_ACCENT_COLOR_NAME = AccentColor;
				CODE_SIGN_STYLE = Automatic;
				DEVELOPMENT_TEAM = 5E845TX3E6;
				INFOPLIST_FILE = CollectionCrashDemo/Info.plist;
				LD_RUNPATH_SEARCH_PATHS = (
					"$(inherited)",
					"@executable_path/Frameworks",
				);
				PRODUCT_BUNDLE_IDENTIFIER = com.ipooglecodes.CollectionCrashDemo;
				PRODUCT_NAME = "$(TARGET_NAME)";
				SWIFT_VERSION = 5.0;
				TARGETED_DEVICE_FAMILY = "1,2";
			};
			name = Debug;
		};
		747ABB2824F24A8C007EDB4B /* Release */ = {
			isa = XCBuildConfiguration;
			buildSettings = {
				ASSETCATALOG_COMPILER_APPICON_NAME = AppIcon;
				ASSETCATALOG_COMPILER_GLOBAL_ACCENT_COLOR_NAME = AccentColor;
				CODE_SIGN_STYLE = Automatic;
				DEVELOPMENT_TEAM = 5E845TX3E6;
				INFOPLIST_FILE = CollectionCrashDemo/Info.plist;
				LD_RUNPATH_SEARCH_PATHS = (
					"$(inherited)",
					"@executable_path/Frameworks",
				);
				PRODUCT_BUNDLE_IDENTIFIER = com.ipooglecodes.CollectionCrashDemo;
				PRODUCT_NAME = "$(TARGET_NAME)";
				SWIFT_VERSION = 5.0;
				TARGETED_DEVICE_FAMILY = "1,2";
			};
			name = Release;
		};
/* End XCBuildConfiguration section */

/* Begin XCConfigurationList section */
		747ABB0B24F24A8B007EDB4B /* Build configuration list for PBXProject "CollectionCrashDemo" */ = {
			isa = XCConfigurationList;
			buildConfigurations = (
				747ABB2424F24A8C007EDB4B /* Debug */,
				747ABB2524F24A8C007EDB4B /* Release */,
			);
			defaultConfigurationIsVisible = 0;
			defaultConfigurationName = Release;
		};
		747ABB2624F24A8C007EDB4B /* Build configuration list for PBXNativeTarget "CollectionCrashDemo" */ = {
			isa = XCConfigurationList;
			buildConfigurations = (
				747ABB2724F24A8C007EDB4B /* Debug */,
				747ABB2824F24A8C007EDB4B /* Release */,
			);
			defaultConfigurationIsVisible = 0;
			defaultConfigurationName = Release;
		};
/* End XCConfigurationList section */
	};
	rootObject = 747ABB0824F24A8B007EDB4B /* Project object */;
}
